// !$*UTF8*$!
{
	archiveVersion = 1;
	classes = {
	};
	objectVersion = 46;
	objects = {

/* Begin PBXBuildFile section */
		7692B75618B2E92500AC38FB /* Foundation.framework in Frameworks */ = {isa = PBXBuildFile; fileRef = 7692B75518B2E92500AC38FB /* Foundation.framework */; };
		7692B75818B2E92500AC38FB /* CoreGraphics.framework in Frameworks */ = {isa = PBXBuildFile; fileRef = 7692B75718B2E92500AC38FB /* CoreGraphics.framework */; };
		7692B75A18B2E92500AC38FB /* UIKit.framework in Frameworks */ = {isa = PBXBuildFile; fileRef = 7692B75918B2E92500AC38FB /* UIKit.framework */; };
		7692B76018B2E92500AC38FB /* InfoPlist.strings in Resources */ = {isa = PBXBuildFile; fileRef = 7692B75E18B2E92500AC38FB /* InfoPlist.strings */; };
		7692B76218B2E92500AC38FB /* main.m in Sources */ = {isa = PBXBuildFile; fileRef = 7692B76118B2E92500AC38FB /* main.m */; };
		7692B76618B2E92600AC38FB /* HelloWorldAppDelegate.m in Sources */ = {isa = PBXBuildFile; fileRef = 7692B76518B2E92600AC38FB /* HelloWorldAppDelegate.m */; };
		7692B76918B2E92600AC38FB /* Main_iPhone.storyboard in Resources */ = {isa = PBXBuildFile; fileRef = 7692B76718B2E92600AC38FB /* Main_iPhone.storyboard */; };
		7692B76C18B2E92600AC38FB /* Main_iPad.storyboard in Resources */ = {isa = PBXBuildFile; fileRef = 7692B76A18B2E92600AC38FB /* Main_iPad.storyboard */; };
		7692B76F18B2E92600AC38FB /* HelloWorldViewController.m in Sources */ = {isa = PBXBuildFile; fileRef = 7692B76E18B2E92600AC38FB /* HelloWorldViewController.m */; };
		7692B77118B2E92600AC38FB /* Images.xcassets in Resources */ = {isa = PBXBuildFile; fileRef = 7692B77018B2E92600AC38FB /* Images.xcassets */; };
		7692B77818B2E92600AC38FB /* XCTest.framework in Frameworks */ = {isa = PBXBuildFile; fileRef = 7692B77718B2E92600AC38FB /* XCTest.framework */; };
		7692B77918B2E92600AC38FB /* Foundation.framework in Frameworks */ = {isa = PBXBuildFile; fileRef = 7692B75518B2E92500AC38FB /* Foundation.framework */; };
		7692B77A18B2E92600AC38FB /* UIKit.framework in Frameworks */ = {isa = PBXBuildFile; fileRef = 7692B75918B2E92500AC38FB /* UIKit.framework */; };
		7692B78218B2E92600AC38FB /* InfoPlist.strings in Resources */ = {isa = PBXBuildFile; fileRef = 7692B78018B2E92600AC38FB /* InfoPlist.strings */; };
		7692B78418B2E92600AC38FB /* CalculatorTests.m in Sources */ = {isa = PBXBuildFile; fileRef = 7692B78318B2E92600AC38FB /* CalculatorTests.m */; };
/* End PBXBuildFile section */

/* Begin PBXContainerItemProxy section */
		7692B77B18B2E92600AC38FB /* PBXContainerItemProxy */ = {
			isa = PBXContainerItemProxy;
			containerPortal = 7692B74A18B2E92500AC38FB /* Project object */;
			proxyType = 1;
			remoteGlobalIDString = 7692B75118B2E92500AC38FB;
			remoteInfo = Calculator;
		};
/* End PBXContainerItemProxy section */

/* Begin PBXFileReference section */
		7692B75218B2E92500AC38FB /* Calculator.app */ = {isa = PBXFileReference; explicitFileType = wrapper.application; includeInIndex = 0; path = Calculator.app; sourceTree = BUILT_PRODUCTS_DIR; };
		7692B75518B2E92500AC38FB /* Foundation.framework */ = {isa = PBXFileReference; lastKnownFileType = wrapper.framework; name = Foundation.framework; path = System/Library/Frameworks/Foundation.framework; sourceTree = SDKROOT; };
		7692B75718B2E92500AC38FB /* CoreGraphics.framework */ = {isa = PBXFileReference; lastKnownFileType = wrapper.framework; name = CoreGraphics.framework; path = System/Library/Frameworks/CoreGraphics.framework; sourceTree = SDKROOT; };
		7692B75918B2E92500AC38FB /* UIKit.framework */ = {isa = PBXFileReference; lastKnownFileType = wrapper.framework; name = UIKit.framework; path = System/Library/Frameworks/UIKit.framework; sourceTree = SDKROOT; };
		7692B75D18B2E92500AC38FB /* Calculator-Info.plist */ = {isa = PBXFileReference; lastKnownFileType = text.plist.xml; path = "Calculator-Info.plist"; sourceTree = "<group>"; };
		7692B75F18B2E92500AC38FB /* en */ = {isa = PBXFileReference; lastKnownFileType = text.plist.strings; name = en; path = en.lproj/InfoPlist.strings; sourceTree = "<group>"; };
		7692B76118B2E92500AC38FB /* main.m */ = {isa = PBXFileReference; lastKnownFileType = sourcecode.c.objc; path = main.m; sourceTree = "<group>"; };
		7692B76318B2E92500AC38FB /* Calculator-Prefix.pch */ = {isa = PBXFileReference; lastKnownFileType = sourcecode.c.h; path = "Calculator-Prefix.pch"; sourceTree = "<group>"; };
		7692B76418B2E92600AC38FB /* HelloWorldAppDelegate.h */ = {isa = PBXFileReference; lastKnownFileType = sourcecode.c.h; path = HelloWorldAppDelegate.h; sourceTree = "<group>"; };
		7692B76518B2E92600AC38FB /* HelloWorldAppDelegate.m */ = {isa = PBXFileReference; lastKnownFileType = sourcecode.c.objc; path = HelloWorldAppDelegate.m; sourceTree = "<group>"; };
		7692B76818B2E92600AC38FB /* Base */ = {isa = PBXFileReference; lastKnownFileType = file.storyboard; name = Base; path = Base.lproj/Main_iPhone.storyboard; sourceTree = "<group>"; };
		7692B76B18B2E92600AC38FB /* Base */ = {isa = PBXFileReference; lastKnownFileType = file.storyboard; name = Base; path = Base.lproj/Main_iPad.storyboard; sourceTree = "<group>"; };
		7692B76D18B2E92600AC38FB /* HelloWorldViewController.h */ = {isa = PBXFileReference; lastKnownFileType = sourcecode.c.h; path = HelloWorldViewController.h; sourceTree = "<group>"; };
		7692B76E18B2E92600AC38FB /* HelloWorldViewController.m */ = {isa = PBXFileReference; lastKnownFileType = sourcecode.c.objc; path = HelloWorldViewController.m; sourceTree = "<group>"; };
		7692B77018B2E92600AC38FB /* Images.xcassets */ = {isa = PBXFileReference; lastKnownFileType = folder.assetcatalog; path = Images.xcassets; sourceTree = "<group>"; };
		7692B77618B2E92600AC38FB /* CalculatorTests.xctest */ = {isa = PBXFileReference; explicitFileType = wrapper.cfbundle; includeInIndex = 0; path = CalculatorTests.xctest; sourceTree = BUILT_PRODUCTS_DIR; };
		7692B77718B2E92600AC38FB /* XCTest.framework */ = {isa = PBXFileReference; lastKnownFileType = wrapper.framework; name = XCTest.framework; path = Library/Frameworks/XCTest.framework; sourceTree = DEVELOPER_DIR; };
		7692B77F18B2E92600AC38FB /* CalculatorTests-Info.plist */ = {isa = PBXFileReference; lastKnownFileType = text.plist.xml; path = "CalculatorTests-Info.plist"; sourceTree = "<group>"; };
		7692B78118B2E92600AC38FB /* en */ = {isa = PBXFileReference; lastKnownFileType = text.plist.strings; name = en; path = en.lproj/InfoPlist.strings; sourceTree = "<group>"; };
		7692B78318B2E92600AC38FB /* CalculatorTests.m */ = {isa = PBXFileReference; lastKnownFileType = sourcecode.c.objc; path = CalculatorTests.m; sourceTree = "<group>"; };
/* End PBXFileReference section */

/* Begin PBXFrameworksBuildPhase section */
		7692B74F18B2E92500AC38FB /* Frameworks */ = {
			isa = PBXFrameworksBuildPhase;
			buildActionMask = 2147483647;
			files = (
				7692B75818B2E92500AC38FB /* CoreGraphics.framework in Frameworks */,
				7692B75A18B2E92500AC38FB /* UIKit.framework in Frameworks */,
				7692B75618B2E92500AC38FB /* Foundation.framework in Frameworks */,
			);
			runOnlyForDeploymentPostprocessing = 0;
		};
		7692B77318B2E92600AC38FB /* Frameworks */ = {
			isa = PBXFrameworksBuildPhase;
			buildActionMask = 2147483647;
			files = (
				7692B77818B2E92600AC38FB /* XCTest.framework in Frameworks */,
				7692B77A18B2E92600AC38FB /* UIKit.framework in Frameworks */,
				7692B77918B2E92600AC38FB /* Foundation.framework in Frameworks */,
			);
			runOnlyForDeploymentPostprocessing = 0;
		};
/* End PBXFrameworksBuildPhase section */

/* Begin PBXGroup section */
		7692B74918B2E92500AC38FB = {
			isa = PBXGroup;
			children = (
				7692B75B18B2E92500AC38FB /* Calculator */,
				7692B77D18B2E92600AC38FB /* CalculatorTests */,
				7692B75418B2E92500AC38FB /* Frameworks */,
				7692B75318B2E92500AC38FB /* Products */,
			);
			sourceTree = "<group>";
		};
		7692B75318B2E92500AC38FB /* Products */ = {
			isa = PBXGroup;
			children = (
				7692B75218B2E92500AC38FB /* Calculator.app */,
				7692B77618B2E92600AC38FB /* CalculatorTests.xctest */,
			);
			name = Products;
			sourceTree = "<group>";
		};
		7692B75418B2E92500AC38FB /* Frameworks */ = {
			isa = PBXGroup;
			children = (
				7692B75518B2E92500AC38FB /* Foundation.framework */,
				7692B75718B2E92500AC38FB /* CoreGraphics.framework */,
				7692B75918B2E92500AC38FB /* UIKit.framework */,
				7692B77718B2E92600AC38FB /* XCTest.framework */,
			);
			name = Frameworks;
			sourceTree = "<group>";
		};
		7692B75B18B2E92500AC38FB /* Calculator */ = {
			isa = PBXGroup;
			children = (
				7692B76418B2E92600AC38FB /* HelloWorldAppDelegate.h */,
				7692B76518B2E92600AC38FB /* HelloWorldAppDelegate.m */,
				7692B76718B2E92600AC38FB /* Main_iPhone.storyboard */,
				7692B76A18B2E92600AC38FB /* Main_iPad.storyboard */,
				7692B76D18B2E92600AC38FB /* HelloWorldViewController.h */,
				7692B76E18B2E92600AC38FB /* HelloWorldViewController.m */,
				7692B77018B2E92600AC38FB /* Images.xcassets */,
				7692B75C18B2E92500AC38FB /* Supporting Files */,
			);
			path = Calculator;
			sourceTree = "<group>";
		};
		7692B75C18B2E92500AC38FB /* Supporting Files */ = {
			isa = PBXGroup;
			children = (
				7692B75D18B2E92500AC38FB /* Calculator-Info.plist */,
				7692B75E18B2E92500AC38FB /* InfoPlist.strings */,
				7692B76118B2E92500AC38FB /* main.m */,
				7692B76318B2E92500AC38FB /* Calculator-Prefix.pch */,
			);
			name = "Supporting Files";
			sourceTree = "<group>";
		};
		7692B77D18B2E92600AC38FB /* CalculatorTests */ = {
			isa = PBXGroup;
			children = (
				7692B78318B2E92600AC38FB /* CalculatorTests.m */,
				7692B77E18B2E92600AC38FB /* Supporting Files */,
			);
			path = CalculatorTests;
			sourceTree = "<group>";
		};
		7692B77E18B2E92600AC38FB /* Supporting Files */ = {
			isa = PBXGroup;
			children = (
				7692B77F18B2E92600AC38FB /* CalculatorTests-Info.plist */,
				7692B78018B2E92600AC38FB /* InfoPlist.strings */,
			);
			name = "Supporting Files";
			sourceTree = "<group>";
		};
/* End PBXGroup section */

/* Begin PBXNativeTarget section */
		7692B75118B2E92500AC38FB /* Calculator */ = {
			isa = PBXNativeTarget;
			buildConfigurationList = 7692B78718B2E92600AC38FB /* Build configuration list for PBXNativeTarget "Calculator" */;
			buildPhases = (
				7692B74E18B2E92500AC38FB /* Sources */,
				7692B74F18B2E92500AC38FB /* Frameworks */,
				7692B75018B2E92500AC38FB /* Resources */,
			);
			buildRules = (
			);
			dependencies = (
			);
			name = Calculator;
			productName = Calculator;
			productReference = 7692B75218B2E92500AC38FB /* Calculator.app */;
			productType = "com.apple.product-type.application";
		};
		7692B77518B2E92600AC38FB /* CalculatorTests */ = {
			isa = PBXNativeTarget;
			buildConfigurationList = 7692B78A18B2E92600AC38FB /* Build configuration list for PBXNativeTarget "CalculatorTests" */;
			buildPhases = (
				7692B77218B2E92600AC38FB /* Sources */,
				7692B77318B2E92600AC38FB /* Frameworks */,
				7692B77418B2E92600AC38FB /* Resources */,
			);
			buildRules = (
			);
			dependencies = (
				7692B77C18B2E92600AC38FB /* PBXTargetDependency */,
			);
			name = CalculatorTests;
			productName = CalculatorTests;
			productReference = 7692B77618B2E92600AC38FB /* CalculatorTests.xctest */;
			productType = "com.apple.product-type.bundle.unit-test";
		};
/* End PBXNativeTarget section */

/* Begin PBXProject section */
		7692B74A18B2E92500AC38FB /* Project object */ = {
			isa = PBXProject;
			attributes = {
				CLASSPREFIX = HelloWorld;
				LastUpgradeCheck = 0500;
				ORGANIZATIONNAME = Constantine;
				TargetAttributes = {
					7692B77518B2E92600AC38FB = {
						TestTargetID = 7692B75118B2E92500AC38FB;
					};
				};
			};
			buildConfigurationList = 7692B74D18B2E92500AC38FB /* Build configuration list for PBXProject "Calculator" */;
			compatibilityVersion = "Xcode 3.2";
			developmentRegion = English;
			hasScannedForEncodings = 0;
			knownRegions = (
				en,
				Base,
			);
			mainGroup = 7692B74918B2E92500AC38FB;
			productRefGroup = 7692B75318B2E92500AC38FB /* Products */;
			projectDirPath = "";
			projectRoot = "";
			targets = (
				7692B75118B2E92500AC38FB /* Calculator */,
				7692B77518B2E92600AC38FB /* CalculatorTests */,
			);
		};
/* End PBXProject section */

/* Begin PBXResourcesBuildPhase section */
		7692B75018B2E92500AC38FB /* Resources */ = {
			isa = PBXResourcesBuildPhase;
			buildActionMask = 2147483647;
			files = (
				7692B76C18B2E92600AC38FB /* Main_iPad.storyboard in Resources */,
				7692B77118B2E92600AC38FB /* Images.xcassets in Resources */,
				7692B76918B2E92600AC38FB /* Main_iPhone.storyboard in Resources */,
				7692B76018B2E92500AC38FB /* InfoPlist.strings in Resources */,
			);
			runOnlyForDeploymentPostprocessing = 0;
		};
		7692B77418B2E92600AC38FB /* Resources */ = {
			isa = PBXResourcesBuildPhase;
			buildActionMask = 2147483647;
			files = (
				7692B78218B2E92600AC38FB /* InfoPlist.strings in Resources */,
			);
			runOnlyForDeploymentPostprocessing = 0;
		};
/* End PBXResourcesBuildPhase section */

/* Begin PBXSourcesBuildPhase section */
		7692B74E18B2E92500AC38FB /* Sources */ = {
			isa = PBXSourcesBuildPhase;
			buildActionMask = 2147483647;
			files = (
				7692B76618B2E92600AC38FB /* HelloWorldAppDelegate.m in Sources */,
				7692B76F18B2E92600AC38FB /* HelloWorldViewController.m in Sources */,
				7692B76218B2E92500AC38FB /* main.m in Sources */,
			);
			runOnlyForDeploymentPostprocessing = 0;
		};
		7692B77218B2E92600AC38FB /* Sources */ = {
			isa = PBXSourcesBuildPhase;
			buildActionMask = 2147483647;
			files = (
				7692B78418B2E92600AC38FB /* CalculatorTests.m in Sources */,
			);
			runOnlyForDeploymentPostprocessing = 0;
		};
/* End PBXSourcesBuildPhase section */

/* Begin PBXTargetDependency section */
		7692B77C18B2E92600AC38FB /* PBXTargetDependency */ = {
			isa = PBXTargetDependency;
			target = 7692B75118B2E92500AC38FB /* Calculator */;
			targetProxy = 7692B77B18B2E92600AC38FB /* PBXContainerItemProxy */;
		};
/* End PBXTargetDependency section */

/* Begin PBXVariantGroup section */
		7692B75E18B2E92500AC38FB /* InfoPlist.strings */ = {
			isa = PBXVariantGroup;
			children = (
				7692B75F18B2E92500AC38FB /* en */,
			);
			name = InfoPlist.strings;
			sourceTree = "<group>";
		};
		7692B76718B2E92600AC38FB /* Main_iPhone.storyboard */ = {
			isa = PBXVariantGroup;
			children = (
				7692B76818B2E92600AC38FB /* Base */,
			);
			name = Main_iPhone.storyboard;
			sourceTree = "<group>";
		};
		7692B76A18B2E92600AC38FB /* Main_iPad.storyboard */ = {
			isa = PBXVariantGroup;
			children = (
				7692B76B18B2E92600AC38FB /* Base */,
			);
			name = Main_iPad.storyboard;
			sourceTree = "<group>";
		};
		7692B78018B2E92600AC38FB /* InfoPlist.strings */ = {
			isa = PBXVariantGroup;
			children = (
				7692B78118B2E92600AC38FB /* en */,
			);
			name = InfoPlist.strings;
			sourceTree = "<group>";
		};
/* End PBXVariantGroup section */

/* Begin XCBuildConfiguration section */
		7692B78518B2E92600AC38FB /* Debug */ = {
			isa = XCBuildConfiguration;
			buildSettings = {
				ALWAYS_SEARCH_USER_PATHS = NO;
				ARCHS = "$(ARCHS_STANDARD_INCLUDING_64_BIT)";
				CLANG_CXX_LANGUAGE_STANDARD = "gnu++0x";
				CLANG_CXX_LIBRARY = "libc++";
				CLANG_ENABLE_MODULES = YES;
				CLANG_ENABLE_OBJC_ARC = YES;
				CLANG_WARN_BOOL_CONVERSION = YES;
				CLANG_WARN_CONSTANT_CONVERSION = YES;
				CLANG_WARN_DIRECT_OBJC_ISA_USAGE = YES_ERROR;
				CLANG_WARN_EMPTY_BODY = YES;
				CLANG_WARN_ENUM_CONVERSION = YES;
				CLANG_WARN_INT_CONVERSION = YES;
				CLANG_WARN_OBJC_ROOT_CLASS = YES_ERROR;
				CLANG_WARN__DUPLICATE_METHOD_MATCH = YES;
				"CODE_SIGN_IDENTITY[sdk=iphoneos*]" = "iPhone Developer";
				COPY_PHASE_STRIP = NO;
				GCC_C_LANGUAGE_STANDARD = gnu99;
				GCC_DYNAMIC_NO_PIC = NO;
				GCC_OPTIMIZATION_LEVEL = 0;
				GCC_PREPROCESSOR_DEFINITIONS = (
					"DEBUG=1",
					"$(inherited)",
				);
				GCC_SYMBOLS_PRIVATE_EXTERN = NO;
				GCC_WARN_64_TO_32_BIT_CONVERSION = YES;
				GCC_WARN_ABOUT_RETURN_TYPE = YES_ERROR;
				GCC_WARN_UNDECLARED_SELECTOR = YES;
				GCC_WARN_UNINITIALIZED_AUTOS = YES;
				GCC_WARN_UNUSED_FUNCTION = YES;
				GCC_WARN_UNUSED_VARIABLE = YES;
				IPHONEOS_DEPLOYMENT_TARGET = 7.0;
				ONLY_ACTIVE_ARCH = YES;
				SDKROOT = iphoneos;
				TARGETED_DEVICE_FAMILY = "1,2";
			};
			name = Debug;
		};
		7692B78618B2E92600AC38FB /* Release */ = {
			isa = XCBuildConfiguration;
			buildSettings = {
				ALWAYS_SEARCH_USER_PATHS = NO;
				ARCHS = "$(ARCHS_STANDARD_INCLUDING_64_BIT)";
				CLANG_CXX_LANGUAGE_STANDARD = "gnu++0x";
				CLANG_CXX_LIBRARY = "libc++";
				CLANG_ENABLE_MODULES = YES;
				CLANG_ENABLE_OBJC_ARC = YES;
				CLANG_WARN_BOOL_CONVERSION = YES;
				CLANG_WARN_CONSTANT_CONVERSION = YES;
				CLANG_WARN_DIRECT_OBJC_ISA_USAGE = YES_ERROR;
				CLANG_WARN_EMPTY_BODY = YES;
				CLANG_WARN_ENUM_CONVERSION = YES;
				CLANG_WARN_INT_CONVERSION = YES;
				CLANG_WARN_OBJC_ROOT_CLASS = YES_ERROR;
				CLANG_WARN__DUPLICATE_METHOD_MATCH = YES;
				"CODE_SIGN_IDENTITY[sdk=iphoneos*]" = "iPhone Developer";
				COPY_PHASE_STRIP = YES;
				ENABLE_NS_ASSERTIONS = NO;
				GCC_C_LANGUAGE_STANDARD = gnu99;
				GCC_WARN_64_TO_32_BIT_CONVERSION = YES;
				GCC_WARN_ABOUT_RETURN_TYPE = YES_ERROR;
				GCC_WARN_UNDECLARED_SELECTOR = YES;
				GCC_WARN_UNINITIALIZED_AUTOS = YES;
				GCC_WARN_UNUSED_FUNCTION = YES;
				GCC_WARN_UNUSED_VARIABLE = YES;
				IPHONEOS_DEPLOYMENT_TARGET = 7.0;
				SDKROOT = iphoneos;
				TARGETED_DEVICE_FAMILY = "1,2";
				VALIDATE_PRODUCT = YES;
			};
			name = Release;
		};
		7692B78818B2E92600AC38FB /* Debug */ = {
			isa = XCBuildConfiguration;
			buildSettings = {
				ASSETCATALOG_COMPILER_APPICON_NAME = AppIcon;
				ASSETCATALOG_COMPILER_LAUNCHIMAGE_NAME = LaunchImage;
				GCC_PRECOMPILE_PREFIX_HEADER = YES;
				GCC_PREFIX_HEADER = "Calculator/Calculator-Prefix.pch";
				INFOPLIST_FILE = "Calculator/Calculator-Info.plist";
				PRODUCT_NAME = "$(TARGET_NAME)";
				WRAPPER_EXTENSION = app;
			};
			name = Debug;
		};
		7692B78918B2E92600AC38FB /* Release */ = {
			isa = XCBuildConfiguration;
			buildSettings = {
				ASSETCATALOG_COMPILER_APPICON_NAME = AppIcon;
				ASSETCATALOG_COMPILER_LAUNCHIMAGE_NAME = LaunchImage;
				GCC_PRECOMPILE_PREFIX_HEADER = YES;
				GCC_PREFIX_HEADER = "Calculator/Calculator-Prefix.pch";
				INFOPLIST_FILE = "Calculator/Calculator-Info.plist";
				PRODUCT_NAME = "$(TARGET_NAME)";
				WRAPPER_EXTENSION = app;
			};
			name = Release;
		};
		7692B78B18B2E92600AC38FB /* Debug */ = {
			isa = XCBuildConfiguration;
			buildSettings = {
				ARCHS = "$(ARCHS_STANDARD_INCLUDING_64_BIT)";
				BUNDLE_LOADER = "$(BUILT_PRODUCTS_DIR)/Calculator.app/Calculator";
				FRAMEWORK_SEARCH_PATHS = (
					"$(SDKROOT)/Developer/Library/Frameworks",
					"$(inherited)",
					"$(DEVELOPER_FRAMEWORKS_DIR)",
				);
				GCC_PRECOMPILE_PREFIX_HEADER = YES;
				GCC_PREFIX_HEADER = "Calculator/Calculator-Prefix.pch";
				GCC_PREPROCESSOR_DEFINITIONS = (
					"DEBUG=1",
					"$(inherited)",
				);
				INFOPLIST_FILE = "CalculatorTests/CalculatorTests-Info.plist";
				PRODUCT_NAME = "$(TARGET_NAME)";
				TEST_HOST = "$(BUNDLE_LOADER)";
				WRAPPER_EXTENSION = xctest;
			};
			name = Debug;
		};
		7692B78C18B2E92600AC38FB /* Release */ = {
			isa = XCBuildConfiguration;
			buildSettings = {
				ARCHS = "$(ARCHS_STANDARD_INCLUDING_64_BIT)";
				BUNDLE_LOADER = "$(BUILT_PRODUCTS_DIR)/Calculator.app/Calculator";
				FRAMEWORK_SEARCH_PATHS = (
					"$(SDKROOT)/Developer/Library/Frameworks",
					"$(inherited)",
					"$(DEVELOPER_FRAMEWORKS_DIR)",
				);
				GCC_PRECOMPILE_PREFIX_HEADER = YES;
				GCC_PREFIX_HEADER = "Calculator/Calculator-Prefix.pch";
				INFOPLIST_FILE = "CalculatorTests/CalculatorTests-Info.plist";
				PRODUCT_NAME = "$(TARGET_NAME)";
				TEST_HOST = "$(BUNDLE_LOADER)";
				WRAPPER_EXTENSION = xctest;
			};
			name = Release;
		};
/* End XCBuildConfiguration section */

/* Begin XCConfigurationList section */
		7692B74D18B2E92500AC38FB /* Build configuration list for PBXProject "Calculator" */ = {
			isa = XCConfigurationList;
			buildConfigurations = (
				7692B78518B2E92600AC38FB /* Debug */,
				7692B78618B2E92600AC38FB /* Release */,
			);
			defaultConfigurationIsVisible = 0;
			defaultConfigurationName = Release;
		};
		7692B78718B2E92600AC38FB /* Build configuration list for PBXNativeTarget "Calculator" */ = {
			isa = XCConfigurationList;
			buildConfigurations = (
				7692B78818B2E92600AC38FB /* Debug */,
				7692B78918B2E92600AC38FB /* Release */,
			);
			defaultConfigurationIsVisible = 0;
		};
		7692B78A18B2E92600AC38FB /* Build configuration list for PBXNativeTarget "CalculatorTests" */ = {
			isa = XCConfigurationList;
			buildConfigurations = (
				7692B78B18B2E92600AC38FB /* Debug */,
				7692B78C18B2E92600AC38FB /* Release */,
			);
			defaultConfigurationIsVisible = 0;
		};
/* End XCConfigurationList section */
	};
	rootObject = 7692B74A18B2E92500AC38FB /* Project object */;
}
